// !$*UTF8*$!
{
	archiveVersion = 1;
	classes = {
	};
	objectVersion = 46;
	objects = {

/* Begin PBXBuildFile section */
		F25799DF1AE395E100320E29 /* AppDelegate.swift in Sources */ = {isa = PBXBuildFile; fileRef = F25799DE1AE395E100320E29 /* AppDelegate.swift */; };
		F25799E11AE395E100320E29 /* ViewController.swift in Sources */ = {isa = PBXBuildFile; fileRef = F25799E01AE395E100320E29 /* ViewController.swift */; };
		F25799E41AE395E100320E29 /* Main.storyboard in Resources */ = {isa = PBXBuildFile; fileRef = F25799E21AE395E100320E29 /* Main.storyboard */; };
		F25799E61AE395E100320E29 /* Images.xcassets in Resources */ = {isa = PBXBuildFile; fileRef = F25799E51AE395E100320E29 /* Images.xcassets */; };
		F25799E91AE395E100320E29 /* LaunchScreen.xib in Resources */ = {isa = PBXBuildFile; fileRef = F25799E71AE395E100320E29 /* LaunchScreen.xib */; };
		F25799F51AE395E100320E29 /* CoreImageFunTests.swift in Sources */ = {isa = PBXBuildFile; fileRef = F25799F41AE395E100320E29 /* CoreImageFunTests.swift */; };
/* End PBXBuildFile section */

/* Begin PBXContainerItemProxy section */
		F25799EF1AE395E100320E29 /* PBXContainerItemProxy */ = {
			isa = PBXContainerItemProxy;
			containerPortal = F25799D11AE395E100320E29 /* Project object */;
			proxyType = 1;
			remoteGlobalIDString = F25799D81AE395E100320E29;
			remoteInfo = CoreImageFun;
		};
/* End PBXContainerItemProxy section */

/* Begin PBXFileReference section */
		F25799D91AE395E100320E29 /* CoreImageFun.app */ = {isa = PBXFileReference; explicitFileType = wrapper.application; includeInIndex = 0; path = CoreImageFun.app; sourceTree = BUILT_PRODUCTS_DIR; };
		F25799DD1AE395E100320E29 /* Info.plist */ = {isa = PBXFileReference; lastKnownFileType = text.plist.xml; path = Info.plist; sourceTree = "<group>"; };
		F25799DE1AE395E100320E29 /* AppDelegate.swift */ = {isa = PBXFileReference; lastKnownFileType = sourcecode.swift; path = AppDelegate.swift; sourceTree = "<group>"; };
		F25799E01AE395E100320E29 /* ViewController.swift */ = {isa = PBXFileReference; lastKnownFileType = sourcecode.swift; path = ViewController.swift; sourceTree = "<group>"; };
		F25799E31AE395E100320E29 /* Base */ = {isa = PBXFileReference; lastKnownFileType = file.storyboard; name = Base; path = Base.lproj/Main.storyboard; sourceTree = "<group>"; };
		F25799E51AE395E100320E29 /* Images.xcassets */ = {isa = PBXFileReference; lastKnownFileType = folder.assetcatalog; path = Images.xcassets; sourceTree = "<group>"; };
		F25799E81AE395E100320E29 /* Base */ = {isa = PBXFileReference; lastKnownFileType = file.xib; name = Base; path = Base.lproj/LaunchScreen.xib; sourceTree = "<group>"; };
		F25799EE1AE395E100320E29 /* CoreImageFunTests.xctest */ = {isa = PBXFileReference; explicitFileType = wrapper.cfbundle; includeInIndex = 0; path = CoreImageFunTests.xctest; sourceTree = BUILT_PRODUCTS_DIR; };
		F25799F31AE395E100320E29 /* Info.plist */ = {isa = PBXFileReference; lastKnownFileType = text.plist.xml; path = Info.plist; sourceTree = "<group>"; };
		F25799F41AE395E100320E29 /* CoreImageFunTests.swift */ = {isa = PBXFileReference; lastKnownFileType = sourcecode.swift; path = CoreImageFunTests.swift; sourceTree = "<group>"; };
/* End PBXFileReference section */

/* Begin PBXFrameworksBuildPhase section */
		F25799D61AE395E100320E29 /* Frameworks */ = {
			isa = PBXFrameworksBuildPhase;
			buildActionMask = 2147483647;
			files = (
			);
			runOnlyForDeploymentPostprocessing = 0;
		};
		F25799EB1AE395E100320E29 /* Frameworks */ = {
			isa = PBXFrameworksBuildPhase;
			buildActionMask = 2147483647;
			files = (
			);
			runOnlyForDeploymentPostprocessing = 0;
		};
/* End PBXFrameworksBuildPhase section */

/* Begin PBXGroup section */
		F25799D01AE395E000320E29 = {
			isa = PBXGroup;
			children = (
				F25799DB1AE395E100320E29 /* CoreImageFun */,
				F25799F11AE395E100320E29 /* CoreImageFunTests */,
				F25799DA1AE395E100320E29 /* Products */,
			);
			sourceTree = "<group>";
		};
		F25799DA1AE395E100320E29 /* Products */ = {
			isa = PBXGroup;
			children = (
				F25799D91AE395E100320E29 /* CoreImageFun.app */,
				F25799EE1AE395E100320E29 /* CoreImageFunTests.xctest */,
			);
			name = Products;
			sourceTree = "<group>";
		};
		F25799DB1AE395E100320E29 /* CoreImageFun */ = {
			isa = PBXGroup;
			children = (
				F25799DE1AE395E100320E29 /* AppDelegate.swift */,
				F25799E01AE395E100320E29 /* ViewController.swift */,
				F25799E21AE395E100320E29 /* Main.storyboard */,
				F25799E51AE395E100320E29 /* Images.xcassets */,
				F25799E71AE395E100320E29 /* LaunchScreen.xib */,
				F25799DC1AE395E100320E29 /* Supporting Files */,
			);
			path = CoreImageFun;
			sourceTree = "<group>";
		};
		F25799DC1AE395E100320E29 /* Supporting Files */ = {
			isa = PBXGroup;
			children = (
				F25799DD1AE395E100320E29 /* Info.plist */,
			);
			name = "Supporting Files";
			sourceTree = "<group>";
		};
		F25799F11AE395E100320E29 /* CoreImageFunTests */ = {
			isa = PBXGroup;
			children = (
				F25799F41AE395E100320E29 /* CoreImageFunTests.swift */,
				F25799F21AE395E100320E29 /* Supporting Files */,
			);
			path = CoreImageFunTests;
			sourceTree = "<group>";
		};
		F25799F21AE395E100320E29 /* Supporting Files */ = {
			isa = PBXGroup;
			children = (
				F25799F31AE395E100320E29 /* Info.plist */,
			);
			name = "Supporting Files";
			sourceTree = "<group>";
		};
/* End PBXGroup section */

/* Begin PBXNativeTarget section */
		F25799D81AE395E100320E29 /* CoreImageFun */ = {
			isa = PBXNativeTarget;
			buildConfigurationList = F25799F81AE395E100320E29 /* Build configuration list for PBXNativeTarget "CoreImageFun" */;
			buildPhases = (
				F25799D51AE395E100320E29 /* Sources */,
				F25799D61AE395E100320E29 /* Frameworks */,
				F25799D71AE395E100320E29 /* Resources */,
			);
			buildRules = (
			);
			dependencies = (
			);
			name = CoreImageFun;
			productName = CoreImageFun;
			productReference = F25799D91AE395E100320E29 /* CoreImageFun.app */;
			productType = "com.apple.product-type.application";
		};
		F25799ED1AE395E100320E29 /* CoreImageFunTests */ = {
			isa = PBXNativeTarget;
			buildConfigurationList = F25799FB1AE395E100320E29 /* Build configuration list for PBXNativeTarget "CoreImageFunTests" */;
			buildPhases = (
				F25799EA1AE395E100320E29 /* Sources */,
				F25799EB1AE395E100320E29 /* Frameworks */,
				F25799EC1AE395E100320E29 /* Resources */,
			);
			buildRules = (
			);
			dependencies = (
				F25799F01AE395E100320E29 /* PBXTargetDependency */,
			);
			name = CoreImageFunTests;
			productName = CoreImageFunTests;
			productReference = F25799EE1AE395E100320E29 /* CoreImageFunTests.xctest */;
			productType = "com.apple.product-type.bundle.unit-test";
		};
/* End PBXNativeTarget section */

/* Begin PBXProject section */
		F25799D11AE395E100320E29 /* Project object */ = {
			isa = PBXProject;
			attributes = {
				LastUpgradeCheck = 0610;
				ORGANIZATIONNAME = Fiona;
				TargetAttributes = {
					F25799D81AE395E100320E29 = {
						CreatedOnToolsVersion = 6.1.1;
					};
					F25799ED1AE395E100320E29 = {
						CreatedOnToolsVersion = 6.1.1;
						TestTargetID = F25799D81AE395E100320E29;
					};
				};
			};
			buildConfigurationList = F25799D41AE395E100320E29 /* Build configuration list for PBXProject "CoreImageFun" */;
			compatibilityVersion = "Xcode 3.2";
			developmentRegion = English;
			hasScannedForEncodings = 0;
			knownRegions = (
				en,
				Base,
			);
			mainGroup = F25799D01AE395E000320E29;
			productRefGroup = F25799DA1AE395E100320E29 /* Products */;
			projectDirPath = "";
			projectRoot = "";
			targets = (
				F25799D81AE395E100320E29 /* CoreImageFun */,
				F25799ED1AE395E100320E29 /* CoreImageFunTests */,
			);
		};
/* End PBXProject section */

/* Begin PBXResourcesBuildPhase section */
		F25799D71AE395E100320E29 /* Resources */ = {
			isa = PBXResourcesBuildPhase;
			buildActionMask = 2147483647;
			files = (
				F25799E41AE395E100320E29 /* Main.storyboard in Resources */,
				F25799E91AE395E100320E29 /* LaunchScreen.xib in Resources */,
				F25799E61AE395E100320E29 /* Images.xcassets in Resources */,
			);
			runOnlyForDeploymentPostprocessing = 0;
		};
		F25799EC1AE395E100320E29 /* Resources */ = {
			isa = PBXResourcesBuildPhase;
			buildActionMask = 2147483647;
			files = (
			);
			runOnlyForDeploymentPostprocessing = 0;
		};
/* End PBXResourcesBuildPhase section */

/* Begin PBXSourcesBuildPhase section */
		F25799D51AE395E100320E29 /* Sources */ = {
			isa = PBXSourcesBuildPhase;
			buildActionMask = 2147483647;
			files = (
				F25799E11AE395E100320E29 /* ViewController.swift in Sources */,
				F25799DF1AE395E100320E29 /* AppDelegate.swift in Sources */,
			);
			runOnlyForDeploymentPostprocessing = 0;
		};
		F25799EA1AE395E100320E29 /* Sources */ = {
			isa = PBXSourcesBuildPhase;
			buildActionMask = 2147483647;
			files = (
				F25799F51AE395E100320E29 /* CoreImageFunTests.swift in Sources */,
			);
			runOnlyForDeploymentPostprocessing = 0;
		};
/* End PBXSourcesBuildPhase section */

/* Begin PBXTargetDependency section */
		F25799F01AE395E100320E29 /* PBXTargetDependency */ = {
			isa = PBXTargetDependency;
			target = F25799D81AE395E100320E29 /* CoreImageFun */;
			targetProxy = F25799EF1AE395E100320E29 /* PBXContainerItemProxy */;
		};
/* End PBXTargetDependency section */

/* Begin PBXVariantGroup section */
		F25799E21AE395E100320E29 /* Main.storyboard */ = {
			isa = PBXVariantGroup;
			children = (
				F25799E31AE395E100320E29 /* Base */,
			);
			name = Main.storyboard;
			sourceTree = "<group>";
		};
		F25799E71AE395E100320E29 /* LaunchScreen.xib */ = {
			isa = PBXVariantGroup;
			children = (
				F25799E81AE395E100320E29 /* Base */,
			);
			name = LaunchScreen.xib;
			sourceTree = "<group>";
		};
/* End PBXVariantGroup section */

/* Begin XCBuildConfiguration section */
		F25799F61AE395E100320E29 /* Debug */ = {
			isa = XCBuildConfiguration;
			buildSettings = {
				ALWAYS_SEARCH_USER_PATHS = NO;
				CLANG_CXX_LANGUAGE_STANDARD = "gnu++0x";
				CLANG_CXX_LIBRARY = "libc++";
				CLANG_ENABLE_MODULES = YES;
				CLANG_ENABLE_OBJC_ARC = YES;
				CLANG_WARN_BOOL_CONVERSION = YES;
				CLANG_WARN_CONSTANT_CONVERSION = YES;
				CLANG_WARN_DIRECT_OBJC_ISA_USAGE = YES_ERROR;
				CLANG_WARN_EMPTY_BODY = YES;
				CLANG_WARN_ENUM_CONVERSION = YES;
				CLANG_WARN_INT_CONVERSION = YES;
				CLANG_WARN_OBJC_ROOT_CLASS = YES_ERROR;
				CLANG_WARN_UNREACHABLE_CODE = YES;
				CLANG_WARN__DUPLICATE_METHOD_MATCH = YES;
				"CODE_SIGN_IDENTITY[sdk=iphoneos*]" = "iPhone Developer";
				COPY_PHASE_STRIP = NO;
				ENABLE_STRICT_OBJC_MSGSEND = YES;
				GCC_C_LANGUAGE_STANDARD = gnu99;
				GCC_DYNAMIC_NO_PIC = NO;
				GCC_OPTIMIZATION_LEVEL = 0;
				GCC_PREPROCESSOR_DEFINITIONS = (
					"DEBUG=1",
					"$(inherited)",
				);
				GCC_SYMBOLS_PRIVATE_EXTERN = NO;
				GCC_WARN_64_TO_32_BIT_CONVERSION = YES;
				GCC_WARN_ABOUT_RETURN_TYPE = YES_ERROR;
				GCC_WARN_UNDECLARED_SELECTOR = YES;
				GCC_WARN_UNINITIALIZED_AUTOS = YES_AGGRESSIVE;
				GCC_WARN_UNUSED_FUNCTION = YES;
				GCC_WARN_UNUSED_VARIABLE = YES;
				IPHONEOS_DEPLOYMENT_TARGET = 8.1;
				MTL_ENABLE_DEBUG_INFO = YES;
				ONLY_ACTIVE_ARCH = YES;
				SDKROOT = iphoneos;
				SWIFT_OPTIMIZATION_LEVEL = "-Onone";
			};
			name = Debug;
		};
		F25799F71AE395E100320E29 /* Release */ = {
			isa = XCBuildConfiguration;
			buildSettings = {
				ALWAYS_SEARCH_USER_PATHS = NO;
				CLANG_CXX_LANGUAGE_STANDARD = "gnu++0x";
				CLANG_CXX_LIBRARY = "libc++";
				CLANG_ENABLE_MODULES = YES;
				CLANG_ENABLE_OBJC_ARC = YES;
				CLANG_WARN_BOOL_CONVERSION = YES;
				CLANG_WARN_CONSTANT_CONVERSION = YES;
				CLANG_WARN_DIRECT_OBJC_ISA_USAGE = YES_ERROR;
				CLANG_WARN_EMPTY_BODY = YES;
				CLANG_WARN_ENUM_CONVERSION = YES;
				CLANG_WARN_INT_CONVERSION = YES;
				CLANG_WARN_OBJC_ROOT_CLASS = YES_ERROR;
				CLANG_WARN_UNREACHABLE_CODE = YES;
				CLANG_WARN__DUPLICATE_METHOD_MATCH = YES;
				"CODE_SIGN_IDENTITY[sdk=iphoneos*]" = "iPhone Developer";
				COPY_PHASE_STRIP = YES;
				ENABLE_NS_ASSERTIONS = NO;
				ENABLE_STRICT_OBJC_MSGSEND = YES;
				GCC_C_LANGUAGE_STANDARD = gnu99;
				GCC_WARN_64_TO_32_BIT_CONVERSION = YES;
				GCC_WARN_ABOUT_RETURN_TYPE = YES_ERROR;
				GCC_WARN_UNDECLARED_SELECTOR = YES;
				GCC_WARN_UNINITIALIZED_AUTOS = YES_AGGRESSIVE;
				GCC_WARN_UNUSED_FUNCTION = YES;
				GCC_WARN_UNUSED_VARIABLE = YES;
				IPHONEOS_DEPLOYMENT_TARGET = 8.1;
				MTL_ENABLE_DEBUG_INFO = NO;
				SDKROOT = iphoneos;
				VALIDATE_PRODUCT = YES;
			};
			name = Release;
		};
		F25799F91AE395E100320E29 /* Debug */ = {
			isa = XCBuildConfiguration;
			buildSettings = {
				ASSETCATALOG_COMPILER_APPICON_NAME = AppIcon;
				INFOPLIST_FILE = CoreImageFun/Info.plist;
				LD_RUNPATH_SEARCH_PATHS = "$(inherited) @executable_path/Frameworks";
				PRODUCT_NAME = "$(TARGET_NAME)";
			};
			name = Debug;
		};
		F25799FA1AE395E100320E29 /* Release */ = {
			isa = XCBuildConfiguration;
			buildSettings = {
				ASSETCATALOG_COMPILER_APPICON_NAME = AppIcon;
				INFOPLIST_FILE = CoreImageFun/Info.plist;
				LD_RUNPATH_SEARCH_PATHS = "$(inherited) @executable_path/Frameworks";
				PRODUCT_NAME = "$(TARGET_NAME)";
			};
			name = Release;
		};
		F25799FC1AE395E100320E29 /* Debug */ = {
			isa = XCBuildConfiguration;
			buildSettings = {
				BUNDLE_LOADER = "$(TEST_HOST)";
				FRAMEWORK_SEARCH_PATHS = (
					"$(SDKROOT)/Developer/Library/Frameworks",
					"$(inherited)",
				);
				GCC_PREPROCESSOR_DEFINITIONS = (
					"DEBUG=1",
					"$(inherited)",
				);
				INFOPLIST_FILE = CoreImageFunTests/Info.plist;
				LD_RUNPATH_SEARCH_PATHS = "$(inherited) @executable_path/Frameworks @loader_path/Frameworks";
				PRODUCT_NAME = "$(TARGET_NAME)";
				TEST_HOST = "$(BUILT_PRODUCTS_DIR)/CoreImageFun.app/CoreImageFun";
			};
			name = Debug;
		};
		F25799FD1AE395E100320E29 /* Release */ = {
			isa = XCBuildConfiguration;
			buildSettings = {
				BUNDLE_LOADER = "$(TEST_HOST)";
				FRAMEWORK_SEARCH_PATHS = (
					"$(SDKROOT)/Developer/Library/Frameworks",
					"$(inherited)",
				);
				INFOPLIST_FILE = CoreImageFunTests/Info.plist;
				LD_RUNPATH_SEARCH_PATHS = "$(inherited) @executable_path/Frameworks @loader_path/Frameworks";
				PRODUCT_NAME = "$(TARGET_NAME)";
				TEST_HOST = "$(BUILT_PRODUCTS_DIR)/CoreImageFun.app/CoreImageFun";
			};
			name = Release;
		};
/* End XCBuildConfiguration section */

/* Begin XCConfigurationList section */
		F25799D41AE395E100320E29 /* Build configuration list for PBXProject "CoreImageFun" */ = {
			isa = XCConfigurationList;
			buildConfigurations = (
				F25799F61AE395E100320E29 /* Debug */,
				F25799F71AE395E100320E29 /* Release */,
			);
			defaultConfigurationIsVisible = 0;
			defaultConfigurationName = Release;
		};
		F25799F81AE395E100320E29 /* Build configuration list for PBXNativeTarget "CoreImageFun" */ = {
			isa = XCConfigurationList;
			buildConfigurations = (
				F25799F91AE395E100320E29 /* Debug */,
				F25799FA1AE395E100320E29 /* Release */,
			);
			defaultConfigurationIsVisible = 0;
		};
		F25799FB1AE395E100320E29 /* Build configuration list for PBXNativeTarget "CoreImageFunTests" */ = {
			isa = XCConfigurationList;
			buildConfigurations = (
				F25799FC1AE395E100320E29 /* Debug */,
				F25799FD1AE395E100320E29 /* Release */,
			);
			defaultConfigurationIsVisible = 0;
		};
/* End XCConfigurationList section */
	};
	rootObject = F25799D11AE395E100320E29 /* Project object */;
}
